# This file is generated by running "yarn install" inside your project.
# Manual changes might be lost - proceed with caution!

__metadata:
  version: 6
  cacheKey: 8

"google-protobuf@npm:^3.21.2":
  version: 3.21.2
  resolution: "google-protobuf@npm:3.21.2"
  checksum: 3caa2e1e2654714cc1a201ac5e5faabcaa48f5fba3d8ff9b64ca66fe19e4e0506b94053f32eddc77bf3a7a47ac1660315c6744185c1e2bb27654fd76fe91b988
  languageName: node
  linkType: hard

"root-workspace-0b6124@workspace:.":
  version: 0.0.0-use.local
  resolution: "root-workspace-0b6124@workspace:."
  dependencies:
    google-protobuf: ^3.21.2
  languageName: unknown
  linkType: soft
